
Microsoft Visual Studio Solution File, Format Version 12.00
# Visual Studio Version 17
VisualStudioVersion = 17.7.34221.43
MinimumVisualStudioVersion = 10.0.40219.1
Project("{9A19103F-16F7-4668-BE54-9A1E7A4F7556}") = "Pms", "BlazorAppServerAppTest\Pms.csproj", "{EBB1BCB7-C348-40BA-8DCE-EABA7C4C1DD2}"
EndProject
Project("{9A19103F-16F7-4668-BE54-9A1E7A4F7556}") = "Domain", "Domain\Domain.csproj", "{C8A10424-86D5-4A6D-8E76-903E8DF2F081}"
EndProject
Project("{9A19103F-16F7-4668-BE54-9A1E7A4F7556}") = "RcellEProgrssive", "RcellEProgrssive\RcellEProgrssive.csproj", "{B530A656-74F6-4DCB-B5C1-780A7B5095C2}"
EndProject
Project("{FAE04EC0-301F-11D3-BF4B-00C04F79EFBC}") = "LoginAppMVC", "LoginAppMVC\LoginAppMVC.csproj", "{B488D1D9-F84E-4FBC-9A55-0134F6C815D9}"
EndProject
Global
	GlobalSection(SolutionConfigurationPlatforms) = preSolution
		Debug|Any CPU = Debug|Any CPU
		Release|Any CPU = Release|Any CPU
	EndGlobalSection
	GlobalSection(ProjectConfigurationPlatforms) = postSolution
		{EBB1BCB7-C348-40BA-8DCE-EABA7C4C1DD2}.Debug|Any CPU.ActiveCfg = Debug|Any CPU
		{EBB1BCB7-C348-40BA-8DCE-EABA7C4C1DD2}.Debug|Any CPU.Build.0 = Debug|Any CPU
		{EBB1BCB7-C348-40BA-8DCE-EABA7C4C1DD2}.Release|Any CPU.ActiveCfg = Release|Any CPU
		{EBB1BCB7-C348-40BA-8DCE-EABA7C4C1DD2}.Release|Any CPU.Build.0 = Release|Any CPU
		{C8A10424-86D5-4A6D-8E76-903E8DF2F081}.Debug|Any CPU.ActiveCfg = Debug|Any CPU
		{C8A10424-86D5-4A6D-8E76-903E8DF2F081}.Debug|Any CPU.Build.0 = Debug|Any CPU
		{C8A10424-86D5-4A6D-8E76-903E8DF2F081}.Release|Any CPU.ActiveCfg = Release|Any CPU
		{C8A10424-86D5-4A6D-8E76-903E8DF2F081}.Release|Any CPU.Build.0 = Release|Any CPU
		{B530A656-74F6-4DCB-B5C1-780A7B5095C2}.Debug|Any CPU.ActiveCfg = Debug|Any CPU
		{B530A656-74F6-4DCB-B5C1-780A7B5095C2}.Debug|Any CPU.Build.0 = Debug|Any CPU
		{B530A656-74F6-4DCB-B5C1-780A7B5095C2}.Release|Any CPU.ActiveCfg = Release|Any CPU
		{B530A656-74F6-4DCB-B5C1-780A7B5095C2}.Release|Any CPU.Build.0 = Release|Any CPU
		{B488D1D9-F84E-4FBC-9A55-0134F6C815D9}.Debug|Any CPU.ActiveCfg = Debug|Any CPU
		{B488D1D9-F84E-4FBC-9A55-0134F6C815D9}.Debug|Any CPU.Build.0 = Debug|Any CPU
		{B488D1D9-F84E-4FBC-9A55-0134F6C815D9}.Release|Any CPU.ActiveCfg = Release|Any CPU
		{B488D1D9-F84E-4FBC-9A55-0134F6C815D9}.Release|Any CPU.Build.0 = Release|Any CPU
	EndGlobalSection
	GlobalSection(SolutionProperties) = preSolution
		HideSolutionNode = FALSE
	EndGlobalSection
	GlobalSection(ExtensibilityGlobals) = postSolution
		SolutionGuid = {3F2034CA-26B4-4391-A6A5-118B6D77FFE9}
	EndGlobalSection
EndGlobal
