
Microsoft Visual Studio Solution File, Format Version 12.00
# Visual Studio Version 17
VisualStudioVersion = 17.7.34221.43
MinimumVisualStudioVersion = 10.0.40219.1
Project("{9A19103F-16F7-4668-BE54-9A1E7A4F7556}") = "Pms", "BlazorAppServerAppTest\Pms.csproj", "{EBB1BCB7-C348-40BA-8DCE-EABA7C4C1DD2}"
EndProject
Project("{FAE04EC0-301F-11D3-BF4B-00C04F79EFBC}") = "Domain", "Domain\Domain.csproj", "{7D4B8D79-15AE-4E36-9FC2-67E03E51E2EE}"
EndProject
Global
	GlobalSection(SolutionConfigurationPlatforms) = preSolution
		Debug|Any CPU = Debug|Any CPU
		Release|Any CPU = Release|Any CPU
	EndGlobalSection
	GlobalSection(ProjectConfigurationPlatforms) = postSolution
		{EBB1BCB7-C348-40BA-8DCE-EABA7C4C1DD2}.Debug|Any CPU.ActiveCfg = Debug|Any CPU
		{EBB1BCB7-C348-40BA-8DCE-EABA7C4C1DD2}.Debug|Any CPU.Build.0 = Debug|Any CPU
		{EBB1BCB7-C348-40BA-8DCE-EABA7C4C1DD2}.Release|Any CPU.ActiveCfg = Release|Any CPU
		{EBB1BCB7-C348-40BA-8DCE-EABA7C4C1DD2}.Release|Any CPU.Build.0 = Release|Any CPU
		{7D4B8D79-15AE-4E36-9FC2-67E03E51E2EE}.Debug|Any CPU.ActiveCfg = Debug|Any CPU
		{7D4B8D79-15AE-4E36-9FC2-67E03E51E2EE}.Debug|Any CPU.Build.0 = Debug|Any CPU
		{7D4B8D79-15AE-4E36-9FC2-67E03E51E2EE}.Release|Any CPU.ActiveCfg = Release|Any CPU
		{7D4B8D79-15AE-4E36-9FC2-67E03E51E2EE}.Release|Any CPU.Build.0 = Release|Any CPU
	EndGlobalSection
	GlobalSection(SolutionProperties) = preSolution
		HideSolutionNode = FALSE
	EndGlobalSection
	GlobalSection(ExtensibilityGlobals) = postSolution
		SolutionGuid = {3F2034CA-26B4-4391-A6A5-118B6D77FFE9}
	EndGlobalSection
EndGlobal
